
Microsoft Visual Studio Solution File, Format Version 12.00
# Visual Studio Version 17
VisualStudioVersion = 17.4.33205.214
MinimumVisualStudioVersion = 10.0.40219.1
Project("{9A19103F-16F7-4668-BE54-9A1E7A4F7556}") = "BlazorNavTmplt", "BlazorNavTmplt\BlazorNavTmplt.csproj", "{EDCF244A-E8CA-498D-A5B2-EB6725ABDD4A}"
EndProject
Global
	GlobalSection(SolutionConfigurationPlatforms) = preSolution
		Debug|Any CPU = Debug|Any CPU
		Release|Any CPU = Release|Any CPU
	EndGlobalSection
	GlobalSection(ProjectConfigurationPlatforms) = postSolution
		{EDCF244A-E8CA-498D-A5B2-EB6725ABDD4A}.Debug|Any CPU.ActiveCfg = Debug|Any CPU
		{EDCF244A-E8CA-498D-A5B2-EB6725ABDD4A}.Debug|Any CPU.Build.0 = Debug|Any CPU
		{EDCF244A-E8CA-498D-A5B2-EB6725ABDD4A}.Release|Any CPU.ActiveCfg = Release|Any CPU
		{EDCF244A-E8CA-498D-A5B2-EB6725ABDD4A}.Release|Any CPU.Build.0 = Release|Any CPU
	EndGlobalSection
	GlobalSection(SolutionProperties) = preSolution
		HideSolutionNode = FALSE
	EndGlobalSection
	GlobalSection(ExtensibilityGlobals) = postSolution
		SolutionGuid = {27851D8D-5A03-4A4A-8255-134E35C19038}
	EndGlobalSection
EndGlobal
